
Microsoft Visual Studio Solution File, Format Version 12.00
# Visual Studio 15
VisualStudioVersion = 15.0.27703.2047
MinimumVisualStudioVersion = 10.0.40219.1
Project("{FAE04EC0-301F-11D3-BF4B-00C04F79EFBC}") = "csHelloMaya", "csHelloMaya.csproj", "{48AC3D2C-3C2C-490A-B869-D7C74352D054}"
EndProject
Project("{FAE04EC0-301F-11D3-BF4B-00C04F79EFBC}") = "HiMaya2017", "..\HiMaya2017\HiMaya2017.csproj", "{637018B9-3A64-4F24-A2DF-03007651D075}"
EndProject
Global
	GlobalSection(SolutionConfigurationPlatforms) = preSolution
		Debug|Any CPU = Debug|Any CPU
		Release|Any CPU = Release|Any CPU
	EndGlobalSection
	GlobalSection(ProjectConfigurationPlatforms) = postSolution
		{48AC3D2C-3C2C-490A-B869-D7C74352D054}.Debug|Any CPU.ActiveCfg = Debug|Any CPU
		{48AC3D2C-3C2C-490A-B869-D7C74352D054}.Debug|Any CPU.Build.0 = Debug|Any CPU
		{48AC3D2C-3C2C-490A-B869-D7C74352D054}.Release|Any CPU.ActiveCfg = Release|Any CPU
		{48AC3D2C-3C2C-490A-B869-D7C74352D054}.Release|Any CPU.Build.0 = Release|Any CPU
		{637018B9-3A64-4F24-A2DF-03007651D075}.Debug|Any CPU.ActiveCfg = Debug|Any CPU
		{637018B9-3A64-4F24-A2DF-03007651D075}.Debug|Any CPU.Build.0 = Debug|Any CPU
		{637018B9-3A64-4F24-A2DF-03007651D075}.Release|Any CPU.ActiveCfg = Release|Any CPU
		{637018B9-3A64-4F24-A2DF-03007651D075}.Release|Any CPU.Build.0 = Release|Any CPU
	EndGlobalSection
	GlobalSection(SolutionProperties) = preSolution
		HideSolutionNode = FALSE
	EndGlobalSection
	GlobalSection(ExtensibilityGlobals) = postSolution
		SolutionGuid = {AAC5E781-D283-48E2-8271-2DE455A93242}
	EndGlobalSection
EndGlobal
